
Microsoft Visual Studio Solution File, Format Version 12.00
# Visual Studio Version 17
VisualStudioVersion = 17.10.35027.167
MinimumVisualStudioVersion = 10.0.40219.1
Project("{9A19103F-16F7-4668-BE54-9A1E7A4F7556}") = "C#Advanced01", "C#Advanced01\C#Advanced01.csproj", "{8E9D3C36-CD2E-4041-8707-5BE59F285025}"
EndProject
Project("{FAE04EC0-301F-11D3-BF4B-00C04F79EFBC}") = "Assignment", "Assignment\Assignment.csproj", "{2DA543B0-D37C-40B5-81E0-349B33B1C80D}"
EndProject
Global
	GlobalSection(SolutionConfigurationPlatforms) = preSolution
		Debug|Any CPU = Debug|Any CPU
		Release|Any CPU = Release|Any CPU
	EndGlobalSection
	GlobalSection(ProjectConfigurationPlatforms) = postSolution
		{8E9D3C36-CD2E-4041-8707-5BE59F285025}.Debug|Any CPU.ActiveCfg = Debug|Any CPU
		{8E9D3C36-CD2E-4041-8707-5BE59F285025}.Debug|Any CPU.Build.0 = Debug|Any CPU
		{8E9D3C36-CD2E-4041-8707-5BE59F285025}.Release|Any CPU.ActiveCfg = Release|Any CPU
		{8E9D3C36-CD2E-4041-8707-5BE59F285025}.Release|Any CPU.Build.0 = Release|Any CPU
		{2DA543B0-D37C-40B5-81E0-349B33B1C80D}.Debug|Any CPU.ActiveCfg = Debug|Any CPU
		{2DA543B0-D37C-40B5-81E0-349B33B1C80D}.Debug|Any CPU.Build.0 = Debug|Any CPU
		{2DA543B0-D37C-40B5-81E0-349B33B1C80D}.Release|Any CPU.ActiveCfg = Release|Any CPU
		{2DA543B0-D37C-40B5-81E0-349B33B1C80D}.Release|Any CPU.Build.0 = Release|Any CPU
	EndGlobalSection
	GlobalSection(SolutionProperties) = preSolution
		HideSolutionNode = FALSE
	EndGlobalSection
	GlobalSection(ExtensibilityGlobals) = postSolution
		SolutionGuid = {0260A57B-BAB6-4AE5-8F25-80944C217E3E}
	EndGlobalSection
EndGlobal
